// !$*UTF8*$!
{
	archiveVersion = 1;
	classes = {
	};
	objectVersion = 46;
	objects = {

/* Begin PBXBuildFile section */
		0E75B8CF1DF158C200484BEF /* main.m in Sources */ = {isa = PBXBuildFile; fileRef = 0E75B8CE1DF158C200484BEF /* main.m */; };
		0E75B8D21DF158C200484BEF /* AppDelegate.m in Sources */ = {isa = PBXBuildFile; fileRef = 0E75B8D11DF158C200484BEF /* AppDelegate.m */; };
		0E75B8D51DF158C200484BEF /* ViewController.m in Sources */ = {isa = PBXBuildFile; fileRef = 0E75B8D41DF158C200484BEF /* ViewController.m */; };
		0E75B8D81DF158C200484BEF /* Main.storyboard in Resources */ = {isa = PBXBuildFile; fileRef = 0E75B8D61DF158C200484BEF /* Main.storyboard */; };
		0E75B8DA1DF158C200484BEF /* Assets.xcassets in Resources */ = {isa = PBXBuildFile; fileRef = 0E75B8D91DF158C200484BEF /* Assets.xcassets */; };
		0E75B8DD1DF158C200484BEF /* LaunchScreen.storyboard in Resources */ = {isa = PBXBuildFile; fileRef = 0E75B8DB1DF158C200484BEF /* LaunchScreen.storyboard */; };
		0E75B8E61DF15C1F00484BEF /* BrandsNames_TableViewCell.m in Sources */ = {isa = PBXBuildFile; fileRef = 0E75B8E51DF15C1F00484BEF /* BrandsNames_TableViewCell.m */; };
		0E75B8E91DF15F2E00484BEF /* Brands_model.m in Sources */ = {isa = PBXBuildFile; fileRef = 0E75B8E81DF15F2E00484BEF /* Brands_model.m */; };
		0E75B8EC1DF1657500484BEF /* SubBrandModel.m in Sources */ = {isa = PBXBuildFile; fileRef = 0E75B8EB1DF1657500484BEF /* SubBrandModel.m */; };
		0E75B8EF1DF1681D00484BEF /* SubsubBrandCollectionViewCell.m in Sources */ = {isa = PBXBuildFile; fileRef = 0E75B8EE1DF1681D00484BEF /* SubsubBrandCollectionViewCell.m */; };
		0E75B8F21DF1688A00484BEF /* SubsubcategoriesViewController.m in Sources */ = {isa = PBXBuildFile; fileRef = 0E75B8F11DF1688A00484BEF /* SubsubcategoriesViewController.m */; };
		0E75B9171DF17F6500484BEF /* AsyncImageView.m in Sources */ = {isa = PBXBuildFile; fileRef = 0E75B8F51DF17F6500484BEF /* AsyncImageView.m */; };
		0E75B9181DF17F6500484BEF /* MKAnnotationView+WebCache.m in Sources */ = {isa = PBXBuildFile; fileRef = 0E75B8F71DF17F6500484BEF /* MKAnnotationView+WebCache.m */; };
		0E75B9191DF17F6500484BEF /* NSData+ImageContentType.m in Sources */ = {isa = PBXBuildFile; fileRef = 0E75B8F91DF17F6500484BEF /* NSData+ImageContentType.m */; };
		0E75B91A1DF17F6500484BEF /* SDImageCache.m in Sources */ = {isa = PBXBuildFile; fileRef = 0E75B8FB1DF17F6500484BEF /* SDImageCache.m */; };
		0E75B91B1DF17F6500484BEF /* SDWebImageCompat.m in Sources */ = {isa = PBXBuildFile; fileRef = 0E75B8FD1DF17F6500484BEF /* SDWebImageCompat.m */; };
		0E75B91C1DF17F6500484BEF /* SDWebImageDecoder.m in Sources */ = {isa = PBXBuildFile; fileRef = 0E75B8FF1DF17F6500484BEF /* SDWebImageDecoder.m */; };
		0E75B91D1DF17F6500484BEF /* SDWebImageDownloader.m in Sources */ = {isa = PBXBuildFile; fileRef = 0E75B9011DF17F6500484BEF /* SDWebImageDownloader.m */; };
		0E75B91E1DF17F6500484BEF /* SDWebImageDownloaderOperation.m in Sources */ = {isa = PBXBuildFile; fileRef = 0E75B9031DF17F6500484BEF /* SDWebImageDownloaderOperation.m */; };
		0E75B91F1DF17F6500484BEF /* SDWebImageManager.m in Sources */ = {isa = PBXBuildFile; fileRef = 0E75B9051DF17F6500484BEF /* SDWebImageManager.m */; };
		0E75B9201DF17F6500484BEF /* SDWebImagePrefetcher.m in Sources */ = {isa = PBXBuildFile; fileRef = 0E75B9081DF17F6500484BEF /* SDWebImagePrefetcher.m */; };
		0E75B9211DF17F6500484BEF /* UIButton+WebCache.m in Sources */ = {isa = PBXBuildFile; fileRef = 0E75B90A1DF17F6500484BEF /* UIButton+WebCache.m */; };
		0E75B9221DF17F6500484BEF /* UIImage+GIF.m in Sources */ = {isa = PBXBuildFile; fileRef = 0E75B90C1DF17F6500484BEF /* UIImage+GIF.m */; };
		0E75B9231DF17F6500484BEF /* UIImage+MultiFormat.m in Sources */ = {isa = PBXBuildFile; fileRef = 0E75B90E1DF17F6500484BEF /* UIImage+MultiFormat.m */; };
		0E75B9241DF17F6500484BEF /* UIImage+WebP.m in Sources */ = {isa = PBXBuildFile; fileRef = 0E75B9101DF17F6500484BEF /* UIImage+WebP.m */; };
		0E75B9251DF17F6500484BEF /* UIImageView+HighlightedWebCache.m in Sources */ = {isa = PBXBuildFile; fileRef = 0E75B9121DF17F6500484BEF /* UIImageView+HighlightedWebCache.m */; };
		0E75B9261DF17F6500484BEF /* UIImageView+WebCache.m in Sources */ = {isa = PBXBuildFile; fileRef = 0E75B9141DF17F6500484BEF /* UIImageView+WebCache.m */; };
		0E75B9271DF17F6500484BEF /* UIView+WebCacheOperation.m in Sources */ = {isa = PBXBuildFile; fileRef = 0E75B9161DF17F6500484BEF /* UIView+WebCacheOperation.m */; };
		0E75B92B1DF182E100484BEF /* CommonClassVC.m in Sources */ = {isa = PBXBuildFile; fileRef = 0E75B92A1DF182E100484BEF /* CommonClassVC.m */; };
		0E75B92E1DF186A200484BEF /* ProductDetailViewController.m in Sources */ = {isa = PBXBuildFile; fileRef = 0E75B92D1DF186A200484BEF /* ProductDetailViewController.m */; };
		0E75B9311DF1883A00484BEF /* DetailsProductModel.m in Sources */ = {isa = PBXBuildFile; fileRef = 0E75B9301DF1883A00484BEF /* DetailsProductModel.m */; };
/* End PBXBuildFile section */

/* Begin PBXFileReference section */
		0E75B8CA1DF158C200484BEF /* PracticeWebApplication.app */ = {isa = PBXFileReference; explicitFileType = wrapper.application; includeInIndex = 0; path = PracticeWebApplication.app; sourceTree = BUILT_PRODUCTS_DIR; };
		0E75B8CE1DF158C200484BEF /* main.m */ = {isa = PBXFileReference; lastKnownFileType = sourcecode.c.objc; path = main.m; sourceTree = "<group>"; };
		0E75B8D01DF158C200484BEF /* AppDelegate.h */ = {isa = PBXFileReference; lastKnownFileType = sourcecode.c.h; path = AppDelegate.h; sourceTree = "<group>"; };
		0E75B8D11DF158C200484BEF /* AppDelegate.m */ = {isa = PBXFileReference; lastKnownFileType = sourcecode.c.objc; path = AppDelegate.m; sourceTree = "<group>"; };
		0E75B8D31DF158C200484BEF /* ViewController.h */ = {isa = PBXFileReference; lastKnownFileType = sourcecode.c.h; path = ViewController.h; sourceTree = "<group>"; };
		0E75B8D41DF158C200484BEF /* ViewController.m */ = {isa = PBXFileReference; lastKnownFileType = sourcecode.c.objc; path = ViewController.m; sourceTree = "<group>"; };
		0E75B8D71DF158C200484BEF /* Base */ = {isa = PBXFileReference; lastKnownFileType = file.storyboard; name = Base; path = Base.lproj/Main.storyboard; sourceTree = "<group>"; };
		0E75B8D91DF158C200484BEF /* Assets.xcassets */ = {isa = PBXFileReference; lastKnownFileType = folder.assetcatalog; path = Assets.xcassets; sourceTree = "<group>"; };
		0E75B8DC1DF158C200484BEF /* Base */ = {isa = PBXFileReference; lastKnownFileType = file.storyboard; name = Base; path = Base.lproj/LaunchScreen.storyboard; sourceTree = "<group>"; };
		0E75B8DE1DF158C200484BEF /* Info.plist */ = {isa = PBXFileReference; lastKnownFileType = text.plist.xml; path = Info.plist; sourceTree = "<group>"; };
		0E75B8E41DF15C1F00484BEF /* BrandsNames_TableViewCell.h */ = {isa = PBXFileReference; fileEncoding = 4; lastKnownFileType = sourcecode.c.h; path = BrandsNames_TableViewCell.h; sourceTree = "<group>"; };
		0E75B8E51DF15C1F00484BEF /* BrandsNames_TableViewCell.m */ = {isa = PBXFileReference; fileEncoding = 4; lastKnownFileType = sourcecode.c.objc; path = BrandsNames_TableViewCell.m; sourceTree = "<group>"; };
		0E75B8E71DF15F2E00484BEF /* Brands_model.h */ = {isa = PBXFileReference; fileEncoding = 4; lastKnownFileType = sourcecode.c.h; path = Brands_model.h; sourceTree = "<group>"; };
		0E75B8E81DF15F2E00484BEF /* Brands_model.m */ = {isa = PBXFileReference; fileEncoding = 4; lastKnownFileType = sourcecode.c.objc; path = Brands_model.m; sourceTree = "<group>"; };
		0E75B8EA1DF1657500484BEF /* SubBrandModel.h */ = {isa = PBXFileReference; fileEncoding = 4; lastKnownFileType = sourcecode.c.h; path = SubBrandModel.h; sourceTree = "<group>"; };
		0E75B8EB1DF1657500484BEF /* SubBrandModel.m */ = {isa = PBXFileReference; fileEncoding = 4; lastKnownFileType = sourcecode.c.objc; path = SubBrandModel.m; sourceTree = "<group>"; };
		0E75B8ED1DF1681D00484BEF /* SubsubBrandCollectionViewCell.h */ = {isa = PBXFileReference; fileEncoding = 4; lastKnownFileType = sourcecode.c.h; path = SubsubBrandCollectionViewCell.h; sourceTree = "<group>"; };
		0E75B8EE1DF1681D00484BEF /* SubsubBrandCollectionViewCell.m */ = {isa = PBXFileReference; fileEncoding = 4; lastKnownFileType = sourcecode.c.objc; path = SubsubBrandCollectionViewCell.m; sourceTree = "<group>"; };
		0E75B8F01DF1688A00484BEF /* SubsubcategoriesViewController.h */ = {isa = PBXFileReference; fileEncoding = 4; lastKnownFileType = sourcecode.c.h; path = SubsubcategoriesViewController.h; sourceTree = "<group>"; };
		0E75B8F11DF1688A00484BEF /* SubsubcategoriesViewController.m */ = {isa = PBXFileReference; fileEncoding = 4; lastKnownFileType = sourcecode.c.objc; path = SubsubcategoriesViewController.m; sourceTree = "<group>"; };
		0E75B8F41DF17F6500484BEF /* AsyncImageView.h */ = {isa = PBXFileReference; fileEncoding = 4; lastKnownFileType = sourcecode.c.h; path = AsyncImageView.h; sourceTree = "<group>"; };
		0E75B8F51DF17F6500484BEF /* AsyncImageView.m */ = {isa = PBXFileReference; fileEncoding = 4; lastKnownFileType = sourcecode.c.objc; path = AsyncImageView.m; sourceTree = "<group>"; };
		0E75B8F61DF17F6500484BEF /* MKAnnotationView+WebCache.h */ = {isa = PBXFileReference; fileEncoding = 4; lastKnownFileType = sourcecode.c.h; path = "MKAnnotationView+WebCache.h"; sourceTree = "<group>"; };
		0E75B8F71DF17F6500484BEF /* MKAnnotationView+WebCache.m */ = {isa = PBXFileReference; fileEncoding = 4; lastKnownFileType = sourcecode.c.objc; path = "MKAnnotationView+WebCache.m"; sourceTree = "<group>"; };
		0E75B8F81DF17F6500484BEF /* NSData+ImageContentType.h */ = {isa = PBXFileReference; fileEncoding = 4; lastKnownFileType = sourcecode.c.h; path = "NSData+ImageContentType.h"; sourceTree = "<group>"; };
		0E75B8F91DF17F6500484BEF /* NSData+ImageContentType.m */ = {isa = PBXFileReference; fileEncoding = 4; lastKnownFileType = sourcecode.c.objc; path = "NSData+ImageContentType.m"; sourceTree = "<group>"; };
		0E75B8FA1DF17F6500484BEF /* SDImageCache.h */ = {isa = PBXFileReference; fileEncoding = 4; lastKnownFileType = sourcecode.c.h; path = SDImageCache.h; sourceTree = "<group>"; };
		0E75B8FB1DF17F6500484BEF /* SDImageCache.m */ = {isa = PBXFileReference; fileEncoding = 4; lastKnownFileType = sourcecode.c.objc; path = SDImageCache.m; sourceTree = "<group>"; };
		0E75B8FC1DF17F6500484BEF /* SDWebImageCompat.h */ = {isa = PBXFileReference; fileEncoding = 4; lastKnownFileType = sourcecode.c.h; path = SDWebImageCompat.h; sourceTree = "<group>"; };
		0E75B8FD1DF17F6500484BEF /* SDWebImageCompat.m */ = {isa = PBXFileReference; fileEncoding = 4; lastKnownFileType = sourcecode.c.objc; path = SDWebImageCompat.m; sourceTree = "<group>"; };
		0E75B8FE1DF17F6500484BEF /* SDWebImageDecoder.h */ = {isa = PBXFileReference; fileEncoding = 4; lastKnownFileType = sourcecode.c.h; path = SDWebImageDecoder.h; sourceTree = "<group>"; };
		0E75B8FF1DF17F6500484BEF /* SDWebImageDecoder.m */ = {isa = PBXFileReference; fileEncoding = 4; lastKnownFileType = sourcecode.c.objc; path = SDWebImageDecoder.m; sourceTree = "<group>"; };
		0E75B9001DF17F6500484BEF /* SDWebImageDownloader.h */ = {isa = PBXFileReference; fileEncoding = 4; lastKnownFileType = sourcecode.c.h; path = SDWebImageDownloader.h; sourceTree = "<group>"; };
		0E75B9011DF17F6500484BEF /* SDWebImageDownloader.m */ = {isa = PBXFileReference; fileEncoding = 4; lastKnownFileType = sourcecode.c.objc; path = SDWebImageDownloader.m; sourceTree = "<group>"; };
		0E75B9021DF17F6500484BEF /* SDWebImageDownloaderOperation.h */ = {isa = PBXFileReference; fileEncoding = 4; lastKnownFileType = sourcecode.c.h; path = SDWebImageDownloaderOperation.h; sourceTree = "<group>"; };
		0E75B9031DF17F6500484BEF /* SDWebImageDownloaderOperation.m */ = {isa = PBXFileReference; fileEncoding = 4; lastKnownFileType = sourcecode.c.objc; path = SDWebImageDownloaderOperation.m; sourceTree = "<group>"; };
		0E75B9041DF17F6500484BEF /* SDWebImageManager.h */ = {isa = PBXFileReference; fileEncoding = 4; lastKnownFileType = sourcecode.c.h; path = SDWebImageManager.h; sourceTree = "<group>"; };
		0E75B9051DF17F6500484BEF /* SDWebImageManager.m */ = {isa = PBXFileReference; fileEncoding = 4; lastKnownFileType = sourcecode.c.objc; path = SDWebImageManager.m; sourceTree = "<group>"; };
		0E75B9061DF17F6500484BEF /* SDWebImageOperation.h */ = {isa = PBXFileReference; fileEncoding = 4; lastKnownFileType = sourcecode.c.h; path = SDWebImageOperation.h; sourceTree = "<group>"; };
		0E75B9071DF17F6500484BEF /* SDWebImagePrefetcher.h */ = {isa = PBXFileReference; fileEncoding = 4; lastKnownFileType = sourcecode.c.h; path = SDWebImagePrefetcher.h; sourceTree = "<group>"; };
		0E75B9081DF17F6500484BEF /* SDWebImagePrefetcher.m */ = {isa = PBXFileReference; fileEncoding = 4; lastKnownFileType = sourcecode.c.objc; path = SDWebImagePrefetcher.m; sourceTree = "<group>"; };
		0E75B9091DF17F6500484BEF /* UIButton+WebCache.h */ = {isa = PBXFileReference; fileEncoding = 4; lastKnownFileType = sourcecode.c.h; path = "UIButton+WebCache.h"; sourceTree = "<group>"; };
		0E75B90A1DF17F6500484BEF /* UIButton+WebCache.m */ = {isa = PBXFileReference; fileEncoding = 4; lastKnownFileType = sourcecode.c.objc; path = "UIButton+WebCache.m"; sourceTree = "<group>"; };
		0E75B90B1DF17F6500484BEF /* UIImage+GIF.h */ = {isa = PBXFileReference; fileEncoding = 4; lastKnownFileType = sourcecode.c.h; path = "UIImage+GIF.h"; sourceTree = "<group>"; };
		0E75B90C1DF17F6500484BEF /* UIImage+GIF.m */ = {isa = PBXFileReference; fileEncoding = 4; lastKnownFileType = sourcecode.c.objc; path = "UIImage+GIF.m"; sourceTree = "<group>"; };
		0E75B90D1DF17F6500484BEF /* UIImage+MultiFormat.h */ = {isa = PBXFileReference; fileEncoding = 4; lastKnownFileType = sourcecode.c.h; path = "UIImage+MultiFormat.h"; sourceTree = "<group>"; };
		0E75B90E1DF17F6500484BEF /* UIImage+MultiFormat.m */ = {isa = PBXFileReference; fileEncoding = 4; lastKnownFileType = sourcecode.c.objc; path = "UIImage+MultiFormat.m"; sourceTree = "<group>"; };
		0E75B90F1DF17F6500484BEF /* UIImage+WebP.h */ = {isa = PBXFileReference; fileEncoding = 4; lastKnownFileType = sourcecode.c.h; path = "UIImage+WebP.h"; sourceTree = "<group>"; };
		0E75B9101DF17F6500484BEF /* UIImage+WebP.m */ = {isa = PBXFileReference; fileEncoding = 4; lastKnownFileType = sourcecode.c.objc; path = "UIImage+WebP.m"; sourceTree = "<group>"; };
		0E75B9111DF17F6500484BEF /* UIImageView+HighlightedWebCache.h */ = {isa = PBXFileReference; fileEncoding = 4; lastKnownFileType = sourcecode.c.h; path = "UIImageView+HighlightedWebCache.h"; sourceTree = "<group>"; };
		0E75B9121DF17F6500484BEF /* UIImageView+HighlightedWebCache.m */ = {isa = PBXFileReference; fileEncoding = 4; lastKnownFileType = sourcecode.c.objc; path = "UIImageView+HighlightedWebCache.m"; sourceTree = "<group>"; };
		0E75B9131DF17F6500484BEF /* UIImageView+WebCache.h */ = {isa = PBXFileReference; fileEncoding = 4; lastKnownFileType = sourcecode.c.h; path = "UIImageView+WebCache.h"; sourceTree = "<group>"; };
		0E75B9141DF17F6500484BEF /* UIImageView+WebCache.m */ = {isa = PBXFileReference; fileEncoding = 4; lastKnownFileType = sourcecode.c.objc; path = "UIImageView+WebCache.m"; sourceTree = "<group>"; };
		0E75B9151DF17F6500484BEF /* UIView+WebCacheOperation.h */ = {isa = PBXFileReference; fileEncoding = 4; lastKnownFileType = sourcecode.c.h; path = "UIView+WebCacheOperation.h"; sourceTree = "<group>"; };
		0E75B9161DF17F6500484BEF /* UIView+WebCacheOperation.m */ = {isa = PBXFileReference; fileEncoding = 4; lastKnownFileType = sourcecode.c.objc; path = "UIView+WebCacheOperation.m"; sourceTree = "<group>"; };
		0E75B9291DF182E100484BEF /* CommonClassVC.h */ = {isa = PBXFileReference; fileEncoding = 4; lastKnownFileType = sourcecode.c.h; path = CommonClassVC.h; sourceTree = "<group>"; };
		0E75B92A1DF182E100484BEF /* CommonClassVC.m */ = {isa = PBXFileReference; fileEncoding = 4; lastKnownFileType = sourcecode.c.objc; path = CommonClassVC.m; sourceTree = "<group>"; };
		0E75B92C1DF186A200484BEF /* ProductDetailViewController.h */ = {isa = PBXFileReference; fileEncoding = 4; lastKnownFileType = sourcecode.c.h; path = ProductDetailViewController.h; sourceTree = "<group>"; };
		0E75B92D1DF186A200484BEF /* ProductDetailViewController.m */ = {isa = PBXFileReference; fileEncoding = 4; lastKnownFileType = sourcecode.c.objc; path = ProductDetailViewController.m; sourceTree = "<group>"; };
		0E75B92F1DF1883A00484BEF /* DetailsProductModel.h */ = {isa = PBXFileReference; fileEncoding = 4; lastKnownFileType = sourcecode.c.h; path = DetailsProductModel.h; sourceTree = "<group>"; };
		0E75B9301DF1883A00484BEF /* DetailsProductModel.m */ = {isa = PBXFileReference; fileEncoding = 4; lastKnownFileType = sourcecode.c.objc; path = DetailsProductModel.m; sourceTree = "<group>"; };
/* End PBXFileReference section */

/* Begin PBXFrameworksBuildPhase section */
		0E75B8C71DF158C200484BEF /* Frameworks */ = {
			isa = PBXFrameworksBuildPhase;
			buildActionMask = 2147483647;
			files = (
			);
			runOnlyForDeploymentPostprocessing = 0;
		};
/* End PBXFrameworksBuildPhase section */

/* Begin PBXGroup section */
		0E75B8C11DF158C200484BEF = {
			isa = PBXGroup;
			children = (
				0E75B8CC1DF158C200484BEF /* PracticeWebApplication */,
				0E75B8CB1DF158C200484BEF /* Products */,
			);
			sourceTree = "<group>";
		};
		0E75B8CB1DF158C200484BEF /* Products */ = {
			isa = PBXGroup;
			children = (
				0E75B8CA1DF158C200484BEF /* PracticeWebApplication.app */,
			);
			name = Products;
			sourceTree = "<group>";
		};
		0E75B8CC1DF158C200484BEF /* PracticeWebApplication */ = {
			isa = PBXGroup;
			children = (
				0E75B9281DF182D000484BEF /* Common */,
				0E75B8F31DF17F5600484BEF /* asyImagw */,
				0E75B8D01DF158C200484BEF /* AppDelegate.h */,
				0E75B8D11DF158C200484BEF /* AppDelegate.m */,
				0E75B8D31DF158C200484BEF /* ViewController.h */,
				0E75B8D41DF158C200484BEF /* ViewController.m */,
				0E75B8E71DF15F2E00484BEF /* Brands_model.h */,
				0E75B8E81DF15F2E00484BEF /* Brands_model.m */,
				0E75B8EA1DF1657500484BEF /* SubBrandModel.h */,
				0E75B8EB1DF1657500484BEF /* SubBrandModel.m */,
				0E75B92F1DF1883A00484BEF /* DetailsProductModel.h */,
				0E75B9301DF1883A00484BEF /* DetailsProductModel.m */,
				0E75B8E41DF15C1F00484BEF /* BrandsNames_TableViewCell.h */,
				0E75B8E51DF15C1F00484BEF /* BrandsNames_TableViewCell.m */,
				0E75B8ED1DF1681D00484BEF /* SubsubBrandCollectionViewCell.h */,
				0E75B8EE1DF1681D00484BEF /* SubsubBrandCollectionViewCell.m */,
				0E75B8F01DF1688A00484BEF /* SubsubcategoriesViewController.h */,
				0E75B8F11DF1688A00484BEF /* SubsubcategoriesViewController.m */,
				0E75B92C1DF186A200484BEF /* ProductDetailViewController.h */,
				0E75B92D1DF186A200484BEF /* ProductDetailViewController.m */,
				0E75B8D61DF158C200484BEF /* Main.storyboard */,
				0E75B8D91DF158C200484BEF /* Assets.xcassets */,
				0E75B8DB1DF158C200484BEF /* LaunchScreen.storyboard */,
				0E75B8DE1DF158C200484BEF /* Info.plist */,
				0E75B8CD1DF158C200484BEF /* Supporting Files */,
			);
			path = PracticeWebApplication;
			sourceTree = "<group>";
		};
		0E75B8CD1DF158C200484BEF /* Supporting Files */ = {
			isa = PBXGroup;
			children = (
				0E75B8CE1DF158C200484BEF /* main.m */,
			);
			name = "Supporting Files";
			sourceTree = "<group>";
		};
		0E75B8F31DF17F5600484BEF /* asyImagw */ = {
			isa = PBXGroup;
			children = (
				0E75B8F41DF17F6500484BEF /* AsyncImageView.h */,
				0E75B8F51DF17F6500484BEF /* AsyncImageView.m */,
				0E75B8F61DF17F6500484BEF /* MKAnnotationView+WebCache.h */,
				0E75B8F71DF17F6500484BEF /* MKAnnotationView+WebCache.m */,
				0E75B8F81DF17F6500484BEF /* NSData+ImageContentType.h */,
				0E75B8F91DF17F6500484BEF /* NSData+ImageContentType.m */,
				0E75B8FA1DF17F6500484BEF /* SDImageCache.h */,
				0E75B8FB1DF17F6500484BEF /* SDImageCache.m */,
				0E75B8FC1DF17F6500484BEF /* SDWebImageCompat.h */,
				0E75B8FD1DF17F6500484BEF /* SDWebImageCompat.m */,
				0E75B8FE1DF17F6500484BEF /* SDWebImageDecoder.h */,
				0E75B8FF1DF17F6500484BEF /* SDWebImageDecoder.m */,
				0E75B9001DF17F6500484BEF /* SDWebImageDownloader.h */,
				0E75B9011DF17F6500484BEF /* SDWebImageDownloader.m */,
				0E75B9021DF17F6500484BEF /* SDWebImageDownloaderOperation.h */,
				0E75B9031DF17F6500484BEF /* SDWebImageDownloaderOperation.m */,
				0E75B9041DF17F6500484BEF /* SDWebImageManager.h */,
				0E75B9051DF17F6500484BEF /* SDWebImageManager.m */,
				0E75B9061DF17F6500484BEF /* SDWebImageOperation.h */,
				0E75B9071DF17F6500484BEF /* SDWebImagePrefetcher.h */,
				0E75B9081DF17F6500484BEF /* SDWebImagePrefetcher.m */,
				0E75B9091DF17F6500484BEF /* UIButton+WebCache.h */,
				0E75B90A1DF17F6500484BEF /* UIButton+WebCache.m */,
				0E75B90B1DF17F6500484BEF /* UIImage+GIF.h */,
				0E75B90C1DF17F6500484BEF /* UIImage+GIF.m */,
				0E75B90D1DF17F6500484BEF /* UIImage+MultiFormat.h */,
				0E75B90E1DF17F6500484BEF /* UIImage+MultiFormat.m */,
				0E75B90F1DF17F6500484BEF /* UIImage+WebP.h */,
				0E75B9101DF17F6500484BEF /* UIImage+WebP.m */,
				0E75B9111DF17F6500484BEF /* UIImageView+HighlightedWebCache.h */,
				0E75B9121DF17F6500484BEF /* UIImageView+HighlightedWebCache.m */,
				0E75B9131DF17F6500484BEF /* UIImageView+WebCache.h */,
				0E75B9141DF17F6500484BEF /* UIImageView+WebCache.m */,
				0E75B9151DF17F6500484BEF /* UIView+WebCacheOperation.h */,
				0E75B9161DF17F6500484BEF /* UIView+WebCacheOperation.m */,
			);
			name = asyImagw;
			sourceTree = "<group>";
		};
		0E75B9281DF182D000484BEF /* Common */ = {
			isa = PBXGroup;
			children = (
				0E75B9291DF182E100484BEF /* CommonClassVC.h */,
				0E75B92A1DF182E100484BEF /* CommonClassVC.m */,
			);
			name = Common;
			sourceTree = "<group>";
		};
/* End PBXGroup section */

/* Begin PBXNativeTarget section */
		0E75B8C91DF158C200484BEF /* PracticeWebApplication */ = {
			isa = PBXNativeTarget;
			buildConfigurationList = 0E75B8E11DF158C200484BEF /* Build configuration list for PBXNativeTarget "PracticeWebApplication" */;
			buildPhases = (
				0E75B8C61DF158C200484BEF /* Sources */,
				0E75B8C71DF158C200484BEF /* Frameworks */,
				0E75B8C81DF158C200484BEF /* Resources */,
			);
			buildRules = (
			);
			dependencies = (
			);
			name = PracticeWebApplication;
			productName = PracticeWebApplication;
			productReference = 0E75B8CA1DF158C200484BEF /* PracticeWebApplication.app */;
			productType = "com.apple.product-type.application";
		};
/* End PBXNativeTarget section */

/* Begin PBXProject section */
		0E75B8C21DF158C200484BEF /* Project object */ = {
			isa = PBXProject;
			attributes = {
				LastUpgradeCheck = 0810;
				ORGANIZATIONNAME = "Naresh Kandala";
				TargetAttributes = {
					0E75B8C91DF158C200484BEF = {
						CreatedOnToolsVersion = 8.1;
						ProvisioningStyle = Automatic;
					};
				};
			};
			buildConfigurationList = 0E75B8C51DF158C200484BEF /* Build configuration list for PBXProject "PracticeWebApplication" */;
			compatibilityVersion = "Xcode 3.2";
			developmentRegion = English;
			hasScannedForEncodings = 0;
			knownRegions = (
				en,
				Base,
			);
			mainGroup = 0E75B8C11DF158C200484BEF;
			productRefGroup = 0E75B8CB1DF158C200484BEF /* Products */;
			projectDirPath = "";
			projectRoot = "";
			targets = (
				0E75B8C91DF158C200484BEF /* PracticeWebApplication */,
			);
		};
/* End PBXProject section */

/* Begin PBXResourcesBuildPhase section */
		0E75B8C81DF158C200484BEF /* Resources */ = {
			isa = PBXResourcesBuildPhase;
			buildActionMask = 2147483647;
			files = (
				0E75B8DD1DF158C200484BEF /* LaunchScreen.storyboard in Resources */,
				0E75B8DA1DF158C200484BEF /* Assets.xcassets in Resources */,
				0E75B8D81DF158C200484BEF /* Main.storyboard in Resources */,
			);
			runOnlyForDeploymentPostprocessing = 0;
		};
/* End PBXResourcesBuildPhase section */

/* Begin PBXSourcesBuildPhase section */
		0E75B8C61DF158C200484BEF /* Sources */ = {
			isa = PBXSourcesBuildPhase;
			buildActionMask = 2147483647;
			files = (
				0E75B9251DF17F6500484BEF /* UIImageView+HighlightedWebCache.m in Sources */,
				0E75B91C1DF17F6500484BEF /* SDWebImageDecoder.m in Sources */,
				0E75B9261DF17F6500484BEF /* UIImageView+WebCache.m in Sources */,
				0E75B92E1DF186A200484BEF /* ProductDetailViewController.m in Sources */,
				0E75B8F21DF1688A00484BEF /* SubsubcategoriesViewController.m in Sources */,
				0E75B91E1DF17F6500484BEF /* SDWebImageDownloaderOperation.m in Sources */,
				0E75B91F1DF17F6500484BEF /* SDWebImageManager.m in Sources */,
				0E75B9171DF17F6500484BEF /* AsyncImageView.m in Sources */,
				0E75B8D51DF158C200484BEF /* ViewController.m in Sources */,
				0E75B91D1DF17F6500484BEF /* SDWebImageDownloader.m in Sources */,
				0E75B9181DF17F6500484BEF /* MKAnnotationView+WebCache.m in Sources */,
				0E75B91B1DF17F6500484BEF /* SDWebImageCompat.m in Sources */,
				0E75B9201DF17F6500484BEF /* SDWebImagePrefetcher.m in Sources */,
				0E75B9271DF17F6500484BEF /* UIView+WebCacheOperation.m in Sources */,
				0E75B9231DF17F6500484BEF /* UIImage+MultiFormat.m in Sources */,
				0E75B8EF1DF1681D00484BEF /* SubsubBrandCollectionViewCell.m in Sources */,
				0E75B9311DF1883A00484BEF /* DetailsProductModel.m in Sources */,
				0E75B8D21DF158C200484BEF /* AppDelegate.m in Sources */,
				0E75B9211DF17F6500484BEF /* UIButton+WebCache.m in Sources */,
				0E75B8E61DF15C1F00484BEF /* BrandsNames_TableViewCell.m in Sources */,
				0E75B91A1DF17F6500484BEF /* SDImageCache.m in Sources */,
				0E75B8E91DF15F2E00484BEF /* Brands_model.m in Sources */,
				0E75B8EC1DF1657500484BEF /* SubBrandModel.m in Sources */,
				0E75B8CF1DF158C200484BEF /* main.m in Sources */,
				0E75B92B1DF182E100484BEF /* CommonClassVC.m in Sources */,
				0E75B9221DF17F6500484BEF /* UIImage+GIF.m in Sources */,
				0E75B9191DF17F6500484BEF /* NSData+ImageContentType.m in Sources */,
				0E75B9241DF17F6500484BEF /* UIImage+WebP.m in Sources */,
			);
			runOnlyForDeploymentPostprocessing = 0;
		};
/* End PBXSourcesBuildPhase section */

/* Begin PBXVariantGroup section */
		0E75B8D61DF158C200484BEF /* Main.storyboard */ = {
			isa = PBXVariantGroup;
			children = (
				0E75B8D71DF158C200484BEF /* Base */,
			);
			name = Main.storyboard;
			sourceTree = "<group>";
		};
		0E75B8DB1DF158C200484BEF /* LaunchScreen.storyboard */ = {
			isa = PBXVariantGroup;
			children = (
				0E75B8DC1DF158C200484BEF /* Base */,
			);
			name = LaunchScreen.storyboard;
			sourceTree = "<group>";
		};
/* End PBXVariantGroup section */

/* Begin XCBuildConfiguration section */
		0E75B8DF1DF158C200484BEF /* Debug */ = {
			isa = XCBuildConfiguration;
			buildSettings = {
				ALWAYS_SEARCH_USER_PATHS = NO;
				CLANG_ANALYZER_NONNULL = YES;
				CLANG_CXX_LANGUAGE_STANDARD = "gnu++0x";
				CLANG_CXX_LIBRARY = "libc++";
				CLANG_ENABLE_MODULES = YES;
				CLANG_ENABLE_OBJC_ARC = YES;
				CLANG_WARN_BOOL_CONVERSION = YES;
				CLANG_WARN_CONSTANT_CONVERSION = YES;
				CLANG_WARN_DIRECT_OBJC_ISA_USAGE = YES_ERROR;
				CLANG_WARN_DOCUMENTATION_COMMENTS = YES;
				CLANG_WARN_EMPTY_BODY = YES;
				CLANG_WARN_ENUM_CONVERSION = YES;
				CLANG_WARN_INFINITE_RECURSION = YES;
				CLANG_WARN_INT_CONVERSION = YES;
				CLANG_WARN_OBJC_ROOT_CLASS = YES_ERROR;
				CLANG_WARN_SUSPICIOUS_MOVES = YES;
				CLANG_WARN_UNREACHABLE_CODE = YES;
				CLANG_WARN__DUPLICATE_METHOD_MATCH = YES;
				"CODE_SIGN_IDENTITY[sdk=iphoneos*]" = "iPhone Developer";
				COPY_PHASE_STRIP = NO;
				DEBUG_INFORMATION_FORMAT = dwarf;
				ENABLE_STRICT_OBJC_MSGSEND = YES;
				ENABLE_TESTABILITY = YES;
				GCC_C_LANGUAGE_STANDARD = gnu99;
				GCC_DYNAMIC_NO_PIC = NO;
				GCC_NO_COMMON_BLOCKS = YES;
				GCC_OPTIMIZATION_LEVEL = 0;
				GCC_PREPROCESSOR_DEFINITIONS = (
					"DEBUG=1",
					"$(inherited)",
				);
				GCC_WARN_64_TO_32_BIT_CONVERSION = YES;
				GCC_WARN_ABOUT_RETURN_TYPE = YES_ERROR;
				GCC_WARN_UNDECLARED_SELECTOR = YES;
				GCC_WARN_UNINITIALIZED_AUTOS = YES_AGGRESSIVE;
				GCC_WARN_UNUSED_FUNCTION = YES;
				GCC_WARN_UNUSED_VARIABLE = YES;
				IPHONEOS_DEPLOYMENT_TARGET = 10.1;
				MTL_ENABLE_DEBUG_INFO = YES;
				ONLY_ACTIVE_ARCH = YES;
				SDKROOT = iphoneos;
				TARGETED_DEVICE_FAMILY = "1,2";
			};
			name = Debug;
		};
		0E75B8E01DF158C200484BEF /* Release */ = {
			isa = XCBuildConfiguration;
			buildSettings = {
				ALWAYS_SEARCH_USER_PATHS = NO;
				CLANG_ANALYZER_NONNULL = YES;
				CLANG_CXX_LANGUAGE_STANDARD = "gnu++0x";
				CLANG_CXX_LIBRARY = "libc++";
				CLANG_ENABLE_MODULES = YES;
				CLANG_ENABLE_OBJC_ARC = YES;
				CLANG_WARN_BOOL_CONVERSION = YES;
				CLANG_WARN_CONSTANT_CONVERSION = YES;
				CLANG_WARN_DIRECT_OBJC_ISA_USAGE = YES_ERROR;
				CLANG_WARN_DOCUMENTATION_COMMENTS = YES;
				CLANG_WARN_EMPTY_BODY = YES;
				CLANG_WARN_ENUM_CONVERSION = YES;
				CLANG_WARN_INFINITE_RECURSION = YES;
				CLANG_WARN_INT_CONVERSION = YES;
				CLANG_WARN_OBJC_ROOT_CLASS = YES_ERROR;
				CLANG_WARN_SUSPICIOUS_MOVES = YES;
				CLANG_WARN_UNREACHABLE_CODE = YES;
				CLANG_WARN__DUPLICATE_METHOD_MATCH = YES;
				"CODE_SIGN_IDENTITY[sdk=iphoneos*]" = "iPhone Developer";
				COPY_PHASE_STRIP = NO;
				DEBUG_INFORMATION_FORMAT = "dwarf-with-dsym";
				ENABLE_NS_ASSERTIONS = NO;
				ENABLE_STRICT_OBJC_MSGSEND = YES;
				GCC_C_LANGUAGE_STANDARD = gnu99;
				GCC_NO_COMMON_BLOCKS = YES;
				GCC_WARN_64_TO_32_BIT_CONVERSION = YES;
				GCC_WARN_ABOUT_RETURN_TYPE = YES_ERROR;
				GCC_WARN_UNDECLARED_SELECTOR = YES;
				GCC_WARN_UNINITIALIZED_AUTOS = YES_AGGRESSIVE;
				GCC_WARN_UNUSED_FUNCTION = YES;
				GCC_WARN_UNUSED_VARIABLE = YES;
				IPHONEOS_DEPLOYMENT_TARGET = 10.1;
				MTL_ENABLE_DEBUG_INFO = NO;
				SDKROOT = iphoneos;
				TARGETED_DEVICE_FAMILY = "1,2";
				VALIDATE_PRODUCT = YES;
			};
			name = Release;
		};
		0E75B8E21DF158C200484BEF /* Debug */ = {
			isa = XCBuildConfiguration;
			buildSettings = {
				ASSETCATALOG_COMPILER_APPICON_NAME = AppIcon;
				INFOPLIST_FILE = PracticeWebApplication/Info.plist;
				LD_RUNPATH_SEARCH_PATHS = "$(inherited) @executable_path/Frameworks";
				PRODUCT_BUNDLE_IDENTIFIER = com.PracticeWebApplication;
				PRODUCT_NAME = "$(TARGET_NAME)";
			};
			name = Debug;
		};
		0E75B8E31DF158C200484BEF /* Release */ = {
			isa = XCBuildConfiguration;
			buildSettings = {
				ASSETCATALOG_COMPILER_APPICON_NAME = AppIcon;
				INFOPLIST_FILE = PracticeWebApplication/Info.plist;
				LD_RUNPATH_SEARCH_PATHS = "$(inherited) @executable_path/Frameworks";
				PRODUCT_BUNDLE_IDENTIFIER = com.PracticeWebApplication;
				PRODUCT_NAME = "$(TARGET_NAME)";
			};
			name = Release;
		};
/* End XCBuildConfiguration section */

/* Begin XCConfigurationList section */
		0E75B8C51DF158C200484BEF /* Build configuration list for PBXProject "PracticeWebApplication" */ = {
			isa = XCConfigurationList;
			buildConfigurations = (
				0E75B8DF1DF158C200484BEF /* Debug */,
				0E75B8E01DF158C200484BEF /* Release */,
			);
			defaultConfigurationIsVisible = 0;
			defaultConfigurationName = Release;
		};
		0E75B8E11DF158C200484BEF /* Build configuration list for PBXNativeTarget "PracticeWebApplication" */ = {
			isa = XCConfigurationList;
			buildConfigurations = (
				0E75B8E21DF158C200484BEF /* Debug */,
				0E75B8E31DF158C200484BEF /* Release */,
			);
			defaultConfigurationIsVisible = 0;
		};
/* End XCConfigurationList section */
	};
	rootObject = 0E75B8C21DF158C200484BEF /* Project object */;
}
